
Microsoft Visual Studio Solution File, Format Version 12.00
# Visual Studio Version 17
VisualStudioVersion = 17.8.34525.116
MinimumVisualStudioVersion = 10.0.40219.1
Project("{FAE04EC0-301F-11D3-BF4B-00C04F79EFBC}") = "BookDemo", "BookDemo\BookDemo.csproj", "{60E70B7F-6AF5-4911-B646-93E9DF29A014}"
EndProject
Global
	GlobalSection(SolutionConfigurationPlatforms) = preSolution
		Debug|Any CPU = Debug|Any CPU
		Release|Any CPU = Release|Any CPU
	EndGlobalSection
	GlobalSection(ProjectConfigurationPlatforms) = postSolution
		{60E70B7F-6AF5-4911-B646-93E9DF29A014}.Debug|Any CPU.ActiveCfg = Debug|Any CPU
		{60E70B7F-6AF5-4911-B646-93E9DF29A014}.Debug|Any CPU.Build.0 = Debug|Any CPU
		{60E70B7F-6AF5-4911-B646-93E9DF29A014}.Release|Any CPU.ActiveCfg = Release|Any CPU
		{60E70B7F-6AF5-4911-B646-93E9DF29A014}.Release|Any CPU.Build.0 = Release|Any CPU
	EndGlobalSection
	GlobalSection(SolutionProperties) = preSolution
		HideSolutionNode = FALSE
	EndGlobalSection
	GlobalSection(ExtensibilityGlobals) = postSolution
		SolutionGuid = {75FC791A-C85A-40DF-AD5C-FA388F65B85D}
	EndGlobalSection
EndGlobal
